
Microsoft Visual Studio Solution File, Format Version 12.00
# Visual Studio Version 17
VisualStudioVersion = 17.12.35707.178 d17.12
MinimumVisualStudioVersion = 10.0.40219.1
Project("{FAE04EC0-301F-11D3-BF4B-00C04F79EFBC}") = "WebApiCode", "WebApiCode\WebApiCode.csproj", "{4EB0B542-7977-4A83-867E-F8B5D71AE92B}"
EndProject
Project("{FAE04EC0-301F-11D3-BF4B-00C04F79EFBC}") = "Client", "Client\Client.csproj", "{3A07B255-410D-4EEA-9F34-6B9963C3A9D0}"
EndProject
Global
	GlobalSection(SolutionConfigurationPlatforms) = preSolution
		Debug|Any CPU = Debug|Any CPU
		Release|Any CPU = Release|Any CPU
	EndGlobalSection
	GlobalSection(ProjectConfigurationPlatforms) = postSolution
		{4EB0B542-7977-4A83-867E-F8B5D71AE92B}.Debug|Any CPU.ActiveCfg = Debug|Any CPU
		{4EB0B542-7977-4A83-867E-F8B5D71AE92B}.Debug|Any CPU.Build.0 = Debug|Any CPU
		{4EB0B542-7977-4A83-867E-F8B5D71AE92B}.Release|Any CPU.ActiveCfg = Release|Any CPU
		{4EB0B542-7977-4A83-867E-F8B5D71AE92B}.Release|Any CPU.Build.0 = Release|Any CPU
		{3A07B255-410D-4EEA-9F34-6B9963C3A9D0}.Debug|Any CPU.ActiveCfg = Debug|Any CPU
		{3A07B255-410D-4EEA-9F34-6B9963C3A9D0}.Debug|Any CPU.Build.0 = Debug|Any CPU
		{3A07B255-410D-4EEA-9F34-6B9963C3A9D0}.Release|Any CPU.ActiveCfg = Release|Any CPU
		{3A07B255-410D-4EEA-9F34-6B9963C3A9D0}.Release|Any CPU.Build.0 = Release|Any CPU
	EndGlobalSection
	GlobalSection(SolutionProperties) = preSolution
		HideSolutionNode = FALSE
	EndGlobalSection
EndGlobal
